
Microsoft Visual Studio Solution File, Format Version 12.00
# Visual Studio Version 17
VisualStudioVersion = 17.1.32328.378
MinimumVisualStudioVersion = 10.0.40219.1
Project("{FAE04EC0-301F-11D3-BF4B-00C04F79EFBC}") = "web-backend", "src\web-backend.csproj", "{3CB8B5BB-7068-4479-94C4-9370D30DB3C0}"
EndProject
Global
	GlobalSection(SolutionConfigurationPlatforms) = preSolution
		Debug|Any CPU = Debug|Any CPU
		Release|Any CPU = Release|Any CPU
	EndGlobalSection
	GlobalSection(ProjectConfigurationPlatforms) = postSolution
		{3CB8B5BB-7068-4479-94C4-9370D30DB3C0}.Debug|Any CPU.ActiveCfg = Debug|Any CPU
		{3CB8B5BB-7068-4479-94C4-9370D30DB3C0}.Debug|Any CPU.Build.0 = Debug|Any CPU
		{3CB8B5BB-7068-4479-94C4-9370D30DB3C0}.Release|Any CPU.ActiveCfg = Release|Any CPU
		{3CB8B5BB-7068-4479-94C4-9370D30DB3C0}.Release|Any CPU.Build.0 = Release|Any CPU
	EndGlobalSection
	GlobalSection(SolutionProperties) = preSolution
		HideSolutionNode = FALSE
	EndGlobalSection
	GlobalSection(ExtensibilityGlobals) = postSolution
		SolutionGuid = {BC95A47C-E3C3-46C8-8DC1-B23D27C7F1C0}
	EndGlobalSection
EndGlobal
